
Microsoft Visual Studio Solution File, Format Version 12.00
# Visual Studio 15
VisualStudioVersion = 15.0.28307.572
MinimumVisualStudioVersion = 10.0.40219.1
Project("{FAE04EC0-301F-11D3-BF4B-00C04F79EFBC}") = "PDMGoalsApp", "PDMGoalsApp\PDMGoalsApp.csproj", "{C097BDD9-BA4F-43A0-BBA9-BE87C96B8477}"
EndProject
Project("{FAE04EC0-301F-11D3-BF4B-00C04F79EFBC}") = "PDMGoalsApp.NET", "PDMGoalsApp.NET\PDMGoalsApp.NET.csproj", "{A3EE582F-D2AC-4C80-A163-0D064D0DE258}"
EndProject
Global
	GlobalSection(SolutionConfigurationPlatforms) = preSolution
		Debug|Any CPU = Debug|Any CPU
		Release|Any CPU = Release|Any CPU
	EndGlobalSection
	GlobalSection(ProjectConfigurationPlatforms) = postSolution
		{C097BDD9-BA4F-43A0-BBA9-BE87C96B8477}.Debug|Any CPU.ActiveCfg = Debug|Any CPU
		{C097BDD9-BA4F-43A0-BBA9-BE87C96B8477}.Debug|Any CPU.Build.0 = Debug|Any CPU
		{C097BDD9-BA4F-43A0-BBA9-BE87C96B8477}.Release|Any CPU.ActiveCfg = Release|Any CPU
		{C097BDD9-BA4F-43A0-BBA9-BE87C96B8477}.Release|Any CPU.Build.0 = Release|Any CPU
		{A3EE582F-D2AC-4C80-A163-0D064D0DE258}.Debug|Any CPU.ActiveCfg = Debug|Any CPU
		{A3EE582F-D2AC-4C80-A163-0D064D0DE258}.Debug|Any CPU.Build.0 = Debug|Any CPU
		{A3EE582F-D2AC-4C80-A163-0D064D0DE258}.Release|Any CPU.ActiveCfg = Release|Any CPU
		{A3EE582F-D2AC-4C80-A163-0D064D0DE258}.Release|Any CPU.Build.0 = Release|Any CPU
	EndGlobalSection
	GlobalSection(SolutionProperties) = preSolution
		HideSolutionNode = FALSE
	EndGlobalSection
	GlobalSection(ExtensibilityGlobals) = postSolution
		SolutionGuid = {F86742EB-3652-4FC2-8160-6000E855D0BB}
	EndGlobalSection
EndGlobal
